
Microsoft Visual Studio Solution File, Format Version 12.00
# Visual Studio Version 17
VisualStudioVersion = 17.6.33723.286
MinimumVisualStudioVersion = 10.0.40219.1
Project("{FAE04EC0-301F-11D3-BF4B-00C04F79EFBC}") = "TS3DiscordBridge", "TS3DiscordBridge\TS3DiscordBridge.csproj", "{2504D438-68D6-4CBB-BEEA-51742F54C21D}"
EndProject
Global
	GlobalSection(SolutionConfigurationPlatforms) = preSolution
		Debug|Any CPU = Debug|Any CPU
		Release|Any CPU = Release|Any CPU
	EndGlobalSection
	GlobalSection(ProjectConfigurationPlatforms) = postSolution
		{2504D438-68D6-4CBB-BEEA-51742F54C21D}.Debug|Any CPU.ActiveCfg = Debug|Any CPU
		{2504D438-68D6-4CBB-BEEA-51742F54C21D}.Debug|Any CPU.Build.0 = Debug|Any CPU
		{2504D438-68D6-4CBB-BEEA-51742F54C21D}.Release|Any CPU.ActiveCfg = Release|Any CPU
		{2504D438-68D6-4CBB-BEEA-51742F54C21D}.Release|Any CPU.Build.0 = Release|Any CPU
	EndGlobalSection
	GlobalSection(SolutionProperties) = preSolution
		HideSolutionNode = FALSE
	EndGlobalSection
	GlobalSection(ExtensibilityGlobals) = postSolution
		SolutionGuid = {A4758916-14B0-4BBE-A035-E3E18B79736E}
	EndGlobalSection
EndGlobal
